
Microsoft Visual Studio Solution File, Format Version 12.00
# Visual Studio Version 17
VisualStudioVersion = 17.4.33403.182
MinimumVisualStudioVersion = 10.0.40219.1
Project("{FAE04EC0-301F-11D3-BF4B-00C04F79EFBC}") = "ServiceLayer", "ServiceLayer\ServiceLayer.csproj", "{EDDF3279-6970-48B7-B602-ACDDD184FA9C}"
EndProject
Global
	GlobalSection(SolutionConfigurationPlatforms) = preSolution
		Debug|Any CPU = Debug|Any CPU
		Release|Any CPU = Release|Any CPU
	EndGlobalSection
	GlobalSection(ProjectConfigurationPlatforms) = postSolution
		{EDDF3279-6970-48B7-B602-ACDDD184FA9C}.Debug|Any CPU.ActiveCfg = Debug|Any CPU
		{EDDF3279-6970-48B7-B602-ACDDD184FA9C}.Debug|Any CPU.Build.0 = Debug|Any CPU
		{EDDF3279-6970-48B7-B602-ACDDD184FA9C}.Release|Any CPU.ActiveCfg = Release|Any CPU
		{EDDF3279-6970-48B7-B602-ACDDD184FA9C}.Release|Any CPU.Build.0 = Release|Any CPU
	EndGlobalSection
	GlobalSection(SolutionProperties) = preSolution
		HideSolutionNode = FALSE
	EndGlobalSection
	GlobalSection(ExtensibilityGlobals) = postSolution
		SolutionGuid = {B352AA4C-7AAD-4AF2-B40D-073F2B376A63}
	EndGlobalSection
EndGlobal
